
Microsoft Visual Studio Solution File, Format Version 12.00
# Visual Studio Version 17
VisualStudioVersion = 17.14.36401.2 d17.14
MinimumVisualStudioVersion = 10.0.40219.1
Project("{FAE04EC0-301F-11D3-BF4B-00C04F79EFBC}") = "APICatalogo", "APICatalogo\APICatalogo.csproj", "{B4163584-E2F3-49AD-84DA-C4FADF13E05A}"
EndProject
Global
	GlobalSection(SolutionConfigurationPlatforms) = preSolution
		Debug|Any CPU = Debug|Any CPU
		Release|Any CPU = Release|Any CPU
	EndGlobalSection
	GlobalSection(ProjectConfigurationPlatforms) = postSolution
		{B4163584-E2F3-49AD-84DA-C4FADF13E05A}.Debug|Any CPU.ActiveCfg = Debug|Any CPU
		{B4163584-E2F3-49AD-84DA-C4FADF13E05A}.Debug|Any CPU.Build.0 = Debug|Any CPU
		{B4163584-E2F3-49AD-84DA-C4FADF13E05A}.Release|Any CPU.ActiveCfg = Release|Any CPU
		{B4163584-E2F3-49AD-84DA-C4FADF13E05A}.Release|Any CPU.Build.0 = Release|Any CPU
	EndGlobalSection
	GlobalSection(SolutionProperties) = preSolution
		HideSolutionNode = FALSE
	EndGlobalSection
	GlobalSection(ExtensibilityGlobals) = postSolution
		SolutionGuid = {F64458B6-E621-47B4-9F29-ABE1E8000A9A}
	EndGlobalSection
EndGlobal
